
Microsoft Visual Studio Solution File, Format Version 12.00
# Visual Studio 14
VisualStudioVersion = 14.0.25420.1
MinimumVisualStudioVersion = 10.0.40219.1
Project("{FAE04EC0-301F-11D3-BF4B-00C04F79EFBC}") = "Task1.ClassMapper", "Module1\Task1.ClassMapper\Task1.ClassMapper.csproj", "{142B538C-B47E-42C9-9318-4F0FA7A55B09}"
EndProject
Project("{2150E333-8FDC-42A3-9474-1A3956D46DE8}") = "Module1", "Module1", "{AD883954-A3E9-448C-B6C9-1B5FE6A212DD}"
EndProject
Project("{FAE04EC0-301F-11D3-BF4B-00C04F79EFBC}") = "Task2.ExpressionTransformation", "Module1\Task2.ExpressionTransformation\Task2.ExpressionTransformation.csproj", "{2A56A42F-F59A-4DB5-AF97-2A649A3069B1}"
EndProject
Project("{FAE04EC0-301F-11D3-BF4B-00C04F79EFBC}") = "Module1.Tests", "Module1\Module1.Tests\Module1.Tests.csproj", "{B9D99B14-0E74-468E-BE6F-1FBBF7F74661}"
EndProject
Project("{FAE04EC0-301F-11D3-BF4B-00C04F79EFBC}") = "Task3.ExtendedLinqProvider", "Module1\Task3.ExtendedLinqProvider\Task3.ExtendedLinqProvider.csproj", "{94312D3D-E013-4A27-A8DF-B48A51AB2267}"
EndProject
Project("{2150E333-8FDC-42A3-9474-1A3956D46DE8}") = "Module2", "Module2", "{A783C1B0-4C26-480E-8A08-71C36EE46AF4}"
EndProject
Project("{FAE04EC0-301F-11D3-BF4B-00C04F79EFBC}") = "Tasks.AdvancedXml", "Module2\Tasks.AdvancedXml\Tasks.AdvancedXml.csproj", "{E11A7671-2520-47B4-A496-2FAE3B44F88F}"
EndProject
Project("{2150E333-8FDC-42A3-9474-1A3956D46DE8}") = "xml", "xml", "{87389406-082D-4765-8598-B55D0A584A38}"
	ProjectSection(SolutionItems) = preProject
		Module2\xml\books.invalid.xml = Module2\xml\books.invalid.xml
		Module2\xml\books.valid.xml = Module2\xml\books.valid.xml
	EndProjectSection
EndProject
Project("{2150E333-8FDC-42A3-9474-1A3956D46DE8}") = "xslt", "xslt", "{6C7F4FCE-8039-4B5D-89A9-1D15A26F002A}"
	ProjectSection(SolutionItems) = preProject
		Module2\xslt\HtmlReport.xslt = Module2\xslt\HtmlReport.xslt
		Module2\xslt\RssTransform.xslt = Module2\xslt\RssTransform.xslt
	EndProjectSection
EndProject
Project("{2150E333-8FDC-42A3-9474-1A3956D46DE8}") = "xsd", "xsd", "{86CC3752-8D74-466B-A63F-13C18B5348D8}"
	ProjectSection(SolutionItems) = preProject
		Module2\xsd\books.xsd = Module2\xsd\books.xsd
	EndProjectSection
EndProject
Project("{FAE04EC0-301F-11D3-BF4B-00C04F79EFBC}") = "Module2.UI", "Module2\Module2.UI\Module2.UI.csproj", "{DADD5A0E-CD68-4D5D-BD6F-DD112BBD4955}"
EndProject
Project("{FAE04EC0-301F-11D3-BF4B-00C04F79EFBC}") = "Module2.Tests", "Module2\Module2.Tests\Module2.Tests.csproj", "{C66944C2-2B74-49BA-B760-8ECC869FE698}"
EndProject
Project("{2150E333-8FDC-42A3-9474-1A3956D46DE8}") = "Module3", "Module3", "{AFA99F83-1D28-4FEA-865A-813E2FFFE839}"
EndProject
Project("{FAE04EC0-301F-11D3-BF4B-00C04F79EFBC}") = "PowerStateManager", "Module3\PowerStateManager\PowerStateManager.csproj", "{86ED6CF0-F522-4F86-AC9F-E45C5C400F68}"
EndProject
Project("{FAE04EC0-301F-11D3-BF4B-00C04F79EFBC}") = "PowerStateManager.UI", "Module3\PowerStateManager.UI\PowerStateManager.UI.csproj", "{3263DB64-2BDF-4157-B759-638E564C1D91}"
EndProject
Project("{F184B08F-C81C-45F6-A57F-5ABD9991F28F}") = "PowerStateManager.COM.UI", "Module3\PowerStateManager.COM.UI\PowerStateManager.COM.UI.vbproj", "{5AC51E39-ACDD-4ABB-9A2E-CD96F99742A5}"
EndProject
Project("{2150E333-8FDC-42A3-9474-1A3956D46DE8}") = "Module5", "Module5", "{D455F8B0-1DC7-4FB8-A704-C2275740CAA1}"
EndProject
Project("{FAE04EC0-301F-11D3-BF4B-00C04F79EFBC}") = "ScanService", "Module5\ScanService\ScanService.csproj", "{7FDE47B9-AC57-4F96-A475-54C914EF7575}"
EndProject
Project("{FAE04EC0-301F-11D3-BF4B-00C04F79EFBC}") = "ScanService.UI", "Module5\ScanService.UI\ScanService.UI.csproj", "{B02D9915-8F39-4E26-AE1E-9AD73E9A02A2}"
EndProject
Project("{2150E333-8FDC-42A3-9474-1A3956D46DE8}") = "Module9", "Module9", "{684C580E-673F-4E30-8E4C-4C4C6F48DFE2}"
EndProject
Project("{FAE04EC0-301F-11D3-BF4B-00C04F79EFBC}") = "Optimization", "Module9\Optimization\Optimization.csproj", "{7EC37F57-9DAA-4668-B67A-D45FAF4465CA}"
EndProject
Project("{2150E333-8FDC-42A3-9474-1A3956D46DE8}") = "Module6", "Module6", "{A3539AFE-22EC-46E5-A300-5F7AEB84C6C5}"
EndProject
Project("{FAE04EC0-301F-11D3-BF4B-00C04F79EFBC}") = "Logger", "Module6\Logger\Logger.csproj", "{B10354BB-6F91-4912-883C-C45A98EE6523}"
EndProject
Project("{2150E333-8FDC-42A3-9474-1A3956D46DE8}") = "Module7", "Module7", "{561EF3D1-D051-444D-87E1-C7BFBEB0A27B}"
EndProject
Project("{FAE04EC0-301F-11D3-BF4B-00C04F79EFBC}") = "MessageQueueService", "Module7\MessageQueueService\MessageQueueService.csproj", "{6525473A-63D8-43EC-8AF0-999A985EC715}"
EndProject
Global
	GlobalSection(SolutionConfigurationPlatforms) = preSolution
		Debug|Any CPU = Debug|Any CPU
		Release|Any CPU = Release|Any CPU
	EndGlobalSection
	GlobalSection(ProjectConfigurationPlatforms) = postSolution
		{142B538C-B47E-42C9-9318-4F0FA7A55B09}.Debug|Any CPU.ActiveCfg = Debug|Any CPU
		{142B538C-B47E-42C9-9318-4F0FA7A55B09}.Debug|Any CPU.Build.0 = Debug|Any CPU
		{142B538C-B47E-42C9-9318-4F0FA7A55B09}.Release|Any CPU.ActiveCfg = Release|Any CPU
		{142B538C-B47E-42C9-9318-4F0FA7A55B09}.Release|Any CPU.Build.0 = Release|Any CPU
		{2A56A42F-F59A-4DB5-AF97-2A649A3069B1}.Debug|Any CPU.ActiveCfg = Debug|Any CPU
		{2A56A42F-F59A-4DB5-AF97-2A649A3069B1}.Debug|Any CPU.Build.0 = Debug|Any CPU
		{2A56A42F-F59A-4DB5-AF97-2A649A3069B1}.Release|Any CPU.ActiveCfg = Release|Any CPU
		{2A56A42F-F59A-4DB5-AF97-2A649A3069B1}.Release|Any CPU.Build.0 = Release|Any CPU
		{B9D99B14-0E74-468E-BE6F-1FBBF7F74661}.Debug|Any CPU.ActiveCfg = Debug|Any CPU
		{B9D99B14-0E74-468E-BE6F-1FBBF7F74661}.Debug|Any CPU.Build.0 = Debug|Any CPU
		{B9D99B14-0E74-468E-BE6F-1FBBF7F74661}.Release|Any CPU.ActiveCfg = Release|Any CPU
		{B9D99B14-0E74-468E-BE6F-1FBBF7F74661}.Release|Any CPU.Build.0 = Release|Any CPU
		{94312D3D-E013-4A27-A8DF-B48A51AB2267}.Debug|Any CPU.ActiveCfg = Debug|Any CPU
		{94312D3D-E013-4A27-A8DF-B48A51AB2267}.Debug|Any CPU.Build.0 = Debug|Any CPU
		{94312D3D-E013-4A27-A8DF-B48A51AB2267}.Release|Any CPU.ActiveCfg = Release|Any CPU
		{94312D3D-E013-4A27-A8DF-B48A51AB2267}.Release|Any CPU.Build.0 = Release|Any CPU
		{E11A7671-2520-47B4-A496-2FAE3B44F88F}.Debug|Any CPU.ActiveCfg = Debug|Any CPU
		{E11A7671-2520-47B4-A496-2FAE3B44F88F}.Debug|Any CPU.Build.0 = Debug|Any CPU
		{E11A7671-2520-47B4-A496-2FAE3B44F88F}.Release|Any CPU.ActiveCfg = Release|Any CPU
		{E11A7671-2520-47B4-A496-2FAE3B44F88F}.Release|Any CPU.Build.0 = Release|Any CPU
		{DADD5A0E-CD68-4D5D-BD6F-DD112BBD4955}.Debug|Any CPU.ActiveCfg = Debug|Any CPU
		{DADD5A0E-CD68-4D5D-BD6F-DD112BBD4955}.Debug|Any CPU.Build.0 = Debug|Any CPU
		{DADD5A0E-CD68-4D5D-BD6F-DD112BBD4955}.Release|Any CPU.ActiveCfg = Release|Any CPU
		{DADD5A0E-CD68-4D5D-BD6F-DD112BBD4955}.Release|Any CPU.Build.0 = Release|Any CPU
		{C66944C2-2B74-49BA-B760-8ECC869FE698}.Debug|Any CPU.ActiveCfg = Debug|Any CPU
		{C66944C2-2B74-49BA-B760-8ECC869FE698}.Debug|Any CPU.Build.0 = Debug|Any CPU
		{C66944C2-2B74-49BA-B760-8ECC869FE698}.Release|Any CPU.ActiveCfg = Release|Any CPU
		{C66944C2-2B74-49BA-B760-8ECC869FE698}.Release|Any CPU.Build.0 = Release|Any CPU
		{86ED6CF0-F522-4F86-AC9F-E45C5C400F68}.Debug|Any CPU.ActiveCfg = Debug|Any CPU
		{86ED6CF0-F522-4F86-AC9F-E45C5C400F68}.Debug|Any CPU.Build.0 = Debug|Any CPU
		{86ED6CF0-F522-4F86-AC9F-E45C5C400F68}.Release|Any CPU.ActiveCfg = Release|Any CPU
		{86ED6CF0-F522-4F86-AC9F-E45C5C400F68}.Release|Any CPU.Build.0 = Release|Any CPU
		{3263DB64-2BDF-4157-B759-638E564C1D91}.Debug|Any CPU.ActiveCfg = Debug|Any CPU
		{3263DB64-2BDF-4157-B759-638E564C1D91}.Debug|Any CPU.Build.0 = Debug|Any CPU
		{3263DB64-2BDF-4157-B759-638E564C1D91}.Release|Any CPU.ActiveCfg = Release|Any CPU
		{3263DB64-2BDF-4157-B759-638E564C1D91}.Release|Any CPU.Build.0 = Release|Any CPU
		{5AC51E39-ACDD-4ABB-9A2E-CD96F99742A5}.Debug|Any CPU.ActiveCfg = Debug|Any CPU
		{5AC51E39-ACDD-4ABB-9A2E-CD96F99742A5}.Debug|Any CPU.Build.0 = Debug|Any CPU
		{5AC51E39-ACDD-4ABB-9A2E-CD96F99742A5}.Release|Any CPU.ActiveCfg = Release|Any CPU
		{5AC51E39-ACDD-4ABB-9A2E-CD96F99742A5}.Release|Any CPU.Build.0 = Release|Any CPU
		{7FDE47B9-AC57-4F96-A475-54C914EF7575}.Debug|Any CPU.ActiveCfg = Debug|Any CPU
		{7FDE47B9-AC57-4F96-A475-54C914EF7575}.Debug|Any CPU.Build.0 = Debug|Any CPU
		{7FDE47B9-AC57-4F96-A475-54C914EF7575}.Release|Any CPU.ActiveCfg = Release|Any CPU
		{7FDE47B9-AC57-4F96-A475-54C914EF7575}.Release|Any CPU.Build.0 = Release|Any CPU
		{B02D9915-8F39-4E26-AE1E-9AD73E9A02A2}.Debug|Any CPU.ActiveCfg = Debug|Any CPU
		{B02D9915-8F39-4E26-AE1E-9AD73E9A02A2}.Debug|Any CPU.Build.0 = Debug|Any CPU
		{B02D9915-8F39-4E26-AE1E-9AD73E9A02A2}.Release|Any CPU.ActiveCfg = Release|Any CPU
		{B02D9915-8F39-4E26-AE1E-9AD73E9A02A2}.Release|Any CPU.Build.0 = Release|Any CPU
		{7EC37F57-9DAA-4668-B67A-D45FAF4465CA}.Debug|Any CPU.ActiveCfg = Debug|Any CPU
		{7EC37F57-9DAA-4668-B67A-D45FAF4465CA}.Debug|Any CPU.Build.0 = Debug|Any CPU
		{7EC37F57-9DAA-4668-B67A-D45FAF4465CA}.Release|Any CPU.ActiveCfg = Release|Any CPU
		{7EC37F57-9DAA-4668-B67A-D45FAF4465CA}.Release|Any CPU.Build.0 = Release|Any CPU
		{B10354BB-6F91-4912-883C-C45A98EE6523}.Debug|Any CPU.ActiveCfg = Debug|Any CPU
		{B10354BB-6F91-4912-883C-C45A98EE6523}.Debug|Any CPU.Build.0 = Debug|Any CPU
		{B10354BB-6F91-4912-883C-C45A98EE6523}.Release|Any CPU.ActiveCfg = Release|Any CPU
		{B10354BB-6F91-4912-883C-C45A98EE6523}.Release|Any CPU.Build.0 = Release|Any CPU
		{6525473A-63D8-43EC-8AF0-999A985EC715}.Debug|Any CPU.ActiveCfg = Debug|Any CPU
		{6525473A-63D8-43EC-8AF0-999A985EC715}.Debug|Any CPU.Build.0 = Debug|Any CPU
		{6525473A-63D8-43EC-8AF0-999A985EC715}.Release|Any CPU.ActiveCfg = Release|Any CPU
		{6525473A-63D8-43EC-8AF0-999A985EC715}.Release|Any CPU.Build.0 = Release|Any CPU
	EndGlobalSection
	GlobalSection(SolutionProperties) = preSolution
		HideSolutionNode = FALSE
	EndGlobalSection
	GlobalSection(NestedProjects) = preSolution
		{142B538C-B47E-42C9-9318-4F0FA7A55B09} = {AD883954-A3E9-448C-B6C9-1B5FE6A212DD}
		{2A56A42F-F59A-4DB5-AF97-2A649A3069B1} = {AD883954-A3E9-448C-B6C9-1B5FE6A212DD}
		{B9D99B14-0E74-468E-BE6F-1FBBF7F74661} = {AD883954-A3E9-448C-B6C9-1B5FE6A212DD}
		{94312D3D-E013-4A27-A8DF-B48A51AB2267} = {AD883954-A3E9-448C-B6C9-1B5FE6A212DD}
		{E11A7671-2520-47B4-A496-2FAE3B44F88F} = {A783C1B0-4C26-480E-8A08-71C36EE46AF4}
		{87389406-082D-4765-8598-B55D0A584A38} = {A783C1B0-4C26-480E-8A08-71C36EE46AF4}
		{6C7F4FCE-8039-4B5D-89A9-1D15A26F002A} = {A783C1B0-4C26-480E-8A08-71C36EE46AF4}
		{86CC3752-8D74-466B-A63F-13C18B5348D8} = {A783C1B0-4C26-480E-8A08-71C36EE46AF4}
		{DADD5A0E-CD68-4D5D-BD6F-DD112BBD4955} = {A783C1B0-4C26-480E-8A08-71C36EE46AF4}
		{C66944C2-2B74-49BA-B760-8ECC869FE698} = {A783C1B0-4C26-480E-8A08-71C36EE46AF4}
		{86ED6CF0-F522-4F86-AC9F-E45C5C400F68} = {AFA99F83-1D28-4FEA-865A-813E2FFFE839}
		{3263DB64-2BDF-4157-B759-638E564C1D91} = {AFA99F83-1D28-4FEA-865A-813E2FFFE839}
		{5AC51E39-ACDD-4ABB-9A2E-CD96F99742A5} = {AFA99F83-1D28-4FEA-865A-813E2FFFE839}
		{7FDE47B9-AC57-4F96-A475-54C914EF7575} = {D455F8B0-1DC7-4FB8-A704-C2275740CAA1}
		{B02D9915-8F39-4E26-AE1E-9AD73E9A02A2} = {D455F8B0-1DC7-4FB8-A704-C2275740CAA1}
		{7EC37F57-9DAA-4668-B67A-D45FAF4465CA} = {684C580E-673F-4E30-8E4C-4C4C6F48DFE2}
		{B10354BB-6F91-4912-883C-C45A98EE6523} = {A3539AFE-22EC-46E5-A300-5F7AEB84C6C5}
		{6525473A-63D8-43EC-8AF0-999A985EC715} = {561EF3D1-D051-444D-87E1-C7BFBEB0A27B}
	EndGlobalSection
EndGlobal
